
Microsoft Visual Studio Solution File, Format Version 12.00
# Visual Studio Version 17
VisualStudioVersion = 17.5.33502.453
MinimumVisualStudioVersion = 10.0.40219.1
Project("{9A19103F-16F7-4668-BE54-9A1E7A4F7556}") = "AlchemistStore", "AlchemistStore\AlchemistStore.csproj", "{ED3150C4-B163-48B2-AADF-65D89DB635A5}"
EndProject
Project("{FAE04EC0-301F-11D3-BF4B-00C04F79EFBC}") = "DataLayer", "DataLayer\DataLayer.csproj", "{3E505650-BBF8-48C4-9ECA-B53A3D055AB6}"
EndProject
Project("{FAE04EC0-301F-11D3-BF4B-00C04F79EFBC}") = "LogicLayer", "LogicLayer\LogicLayer.csproj", "{FED69E7C-D433-4C58-9CE9-61464B12C19F}"
EndProject
Global
	GlobalSection(SolutionConfigurationPlatforms) = preSolution
		Debug|Any CPU = Debug|Any CPU
		Release|Any CPU = Release|Any CPU
	EndGlobalSection
	GlobalSection(ProjectConfigurationPlatforms) = postSolution
		{ED3150C4-B163-48B2-AADF-65D89DB635A5}.Debug|Any CPU.ActiveCfg = Debug|Any CPU
		{ED3150C4-B163-48B2-AADF-65D89DB635A5}.Debug|Any CPU.Build.0 = Debug|Any CPU
		{ED3150C4-B163-48B2-AADF-65D89DB635A5}.Release|Any CPU.ActiveCfg = Release|Any CPU
		{ED3150C4-B163-48B2-AADF-65D89DB635A5}.Release|Any CPU.Build.0 = Release|Any CPU
		{3E505650-BBF8-48C4-9ECA-B53A3D055AB6}.Debug|Any CPU.ActiveCfg = Debug|Any CPU
		{3E505650-BBF8-48C4-9ECA-B53A3D055AB6}.Debug|Any CPU.Build.0 = Debug|Any CPU
		{3E505650-BBF8-48C4-9ECA-B53A3D055AB6}.Release|Any CPU.ActiveCfg = Release|Any CPU
		{3E505650-BBF8-48C4-9ECA-B53A3D055AB6}.Release|Any CPU.Build.0 = Release|Any CPU
		{FED69E7C-D433-4C58-9CE9-61464B12C19F}.Debug|Any CPU.ActiveCfg = Debug|Any CPU
		{FED69E7C-D433-4C58-9CE9-61464B12C19F}.Debug|Any CPU.Build.0 = Debug|Any CPU
		{FED69E7C-D433-4C58-9CE9-61464B12C19F}.Release|Any CPU.ActiveCfg = Release|Any CPU
		{FED69E7C-D433-4C58-9CE9-61464B12C19F}.Release|Any CPU.Build.0 = Release|Any CPU
	EndGlobalSection
	GlobalSection(SolutionProperties) = preSolution
		HideSolutionNode = FALSE
	EndGlobalSection
	GlobalSection(ExtensibilityGlobals) = postSolution
		SolutionGuid = {C9C91ED9-95BD-48B9-B0A7-FCB832C4697E}
	EndGlobalSection
EndGlobal
