
Microsoft Visual Studio Solution File, Format Version 12.00
# Visual Studio Version 17
VisualStudioVersion = 17.5.33502.453
MinimumVisualStudioVersion = 10.0.40219.1
Project("{9A19103F-16F7-4668-BE54-9A1E7A4F7556}") = "DataLayer", "DataLayer\DataLayer.csproj", "{E92B5CF9-7279-4756-B4D3-F9A2A5EA7B60}"
EndProject
Global
	GlobalSection(SolutionConfigurationPlatforms) = preSolution
		Debug|Any CPU = Debug|Any CPU
		Release|Any CPU = Release|Any CPU
	EndGlobalSection
	GlobalSection(ProjectConfigurationPlatforms) = postSolution
		{E92B5CF9-7279-4756-B4D3-F9A2A5EA7B60}.Debug|Any CPU.ActiveCfg = Debug|Any CPU
		{E92B5CF9-7279-4756-B4D3-F9A2A5EA7B60}.Debug|Any CPU.Build.0 = Debug|Any CPU
		{E92B5CF9-7279-4756-B4D3-F9A2A5EA7B60}.Release|Any CPU.ActiveCfg = Release|Any CPU
		{E92B5CF9-7279-4756-B4D3-F9A2A5EA7B60}.Release|Any CPU.Build.0 = Release|Any CPU
	EndGlobalSection
	GlobalSection(SolutionProperties) = preSolution
		HideSolutionNode = FALSE
	EndGlobalSection
	GlobalSection(ExtensibilityGlobals) = postSolution
		SolutionGuid = {C9C91ED9-95BD-48B9-B0A7-FCB832C4697E}
	EndGlobalSection
EndGlobal
