
Microsoft Visual Studio Solution File, Format Version 12.00
# Visual Studio Version 17
VisualStudioVersion = 17.5.33502.453
MinimumVisualStudioVersion = 10.0.40219.1
Project("{9A19103F-16F7-4668-BE54-9A1E7A4F7556}") = "DataLayer", "DataLayer\DataLayer.csproj", "{E92B5CF9-7279-4756-B4D3-F9A2A5EA7B60}"
EndProject
Project("{9A19103F-16F7-4668-BE54-9A1E7A4F7556}") = "DarkLibrary", "DarkLibrary\DarkLibrary.csproj", "{5EB553E5-F049-43F2-A37A-D1B27D869B1E}"
EndProject
Project("{E53339B2-1760-4266-BCC7-CA923CBCF16C}") = "docker-compose", "docker-compose.dcproj", "{048CF38F-7C20-463E-A2F5-BBC2AE229960}"
EndProject
Project("{9A19103F-16F7-4668-BE54-9A1E7A4F7556}") = "AuthorApi", "AuthorApi\AuthorApi.csproj", "{891AB326-9D13-41CD-8407-CE159EF1D2B6}"
EndProject
Project("{9A19103F-16F7-4668-BE54-9A1E7A4F7556}") = "WebApiUtils", "WebApiUtils\WebApiUtils.csproj", "{8507F80D-2A23-4AFA-B22D-C0C9F60863BC}"
EndProject
Project("{2150E333-8FDC-42A3-9474-1A3956D46DE8}") = "Apis", "Apis", "{23EB8EE8-96E7-4302-B2EA-0431D3B30692}"
EndProject
Project("{9A19103F-16F7-4668-BE54-9A1E7A4F7556}") = "BookSeriesApi", "BookSeriesApi\BookSeriesApi.csproj", "{030B24DC-69BE-46DE-B95D-D251A51F5BEC}"
EndProject
Project("{9A19103F-16F7-4668-BE54-9A1E7A4F7556}") = "BranchApi", "BranchApi\BranchApi.csproj", "{0D6DCA74-42CB-4E39-B723-4A6A0067F94C}"
EndProject
Project("{9A19103F-16F7-4668-BE54-9A1E7A4F7556}") = "LibrarianApi", "LibrarianApi\LibrarianApi.csproj", "{9AA44182-75A7-491C-9ACD-8AED7C4C609D}"
EndProject
Project("{9A19103F-16F7-4668-BE54-9A1E7A4F7556}") = "ClientApi", "ClientApi\ClientApi.csproj", "{699F33A8-4DA1-4973-A833-DBE969E36810}"
EndProject
Project("{FAE04EC0-301F-11D3-BF4B-00C04F79EFBC}") = "BookApi", "BookApi\BookApi.csproj", "{4B934AFA-D649-48D7-BC20-A082EE4CF04E}"
EndProject
Global
	GlobalSection(SolutionConfigurationPlatforms) = preSolution
		Debug|Any CPU = Debug|Any CPU
		Release|Any CPU = Release|Any CPU
	EndGlobalSection
	GlobalSection(ProjectConfigurationPlatforms) = postSolution
		{E92B5CF9-7279-4756-B4D3-F9A2A5EA7B60}.Debug|Any CPU.ActiveCfg = Debug|Any CPU
		{E92B5CF9-7279-4756-B4D3-F9A2A5EA7B60}.Debug|Any CPU.Build.0 = Debug|Any CPU
		{E92B5CF9-7279-4756-B4D3-F9A2A5EA7B60}.Release|Any CPU.ActiveCfg = Release|Any CPU
		{E92B5CF9-7279-4756-B4D3-F9A2A5EA7B60}.Release|Any CPU.Build.0 = Release|Any CPU
		{5EB553E5-F049-43F2-A37A-D1B27D869B1E}.Debug|Any CPU.ActiveCfg = Debug|Any CPU
		{5EB553E5-F049-43F2-A37A-D1B27D869B1E}.Debug|Any CPU.Build.0 = Debug|Any CPU
		{5EB553E5-F049-43F2-A37A-D1B27D869B1E}.Release|Any CPU.ActiveCfg = Release|Any CPU
		{5EB553E5-F049-43F2-A37A-D1B27D869B1E}.Release|Any CPU.Build.0 = Release|Any CPU
		{048CF38F-7C20-463E-A2F5-BBC2AE229960}.Debug|Any CPU.ActiveCfg = Debug|Any CPU
		{048CF38F-7C20-463E-A2F5-BBC2AE229960}.Debug|Any CPU.Build.0 = Debug|Any CPU
		{048CF38F-7C20-463E-A2F5-BBC2AE229960}.Release|Any CPU.ActiveCfg = Release|Any CPU
		{048CF38F-7C20-463E-A2F5-BBC2AE229960}.Release|Any CPU.Build.0 = Release|Any CPU
		{891AB326-9D13-41CD-8407-CE159EF1D2B6}.Debug|Any CPU.ActiveCfg = Debug|Any CPU
		{891AB326-9D13-41CD-8407-CE159EF1D2B6}.Debug|Any CPU.Build.0 = Debug|Any CPU
		{891AB326-9D13-41CD-8407-CE159EF1D2B6}.Release|Any CPU.ActiveCfg = Release|Any CPU
		{891AB326-9D13-41CD-8407-CE159EF1D2B6}.Release|Any CPU.Build.0 = Release|Any CPU
		{8507F80D-2A23-4AFA-B22D-C0C9F60863BC}.Debug|Any CPU.ActiveCfg = Debug|Any CPU
		{8507F80D-2A23-4AFA-B22D-C0C9F60863BC}.Debug|Any CPU.Build.0 = Debug|Any CPU
		{8507F80D-2A23-4AFA-B22D-C0C9F60863BC}.Release|Any CPU.ActiveCfg = Release|Any CPU
		{8507F80D-2A23-4AFA-B22D-C0C9F60863BC}.Release|Any CPU.Build.0 = Release|Any CPU
		{030B24DC-69BE-46DE-B95D-D251A51F5BEC}.Debug|Any CPU.ActiveCfg = Debug|Any CPU
		{030B24DC-69BE-46DE-B95D-D251A51F5BEC}.Debug|Any CPU.Build.0 = Debug|Any CPU
		{030B24DC-69BE-46DE-B95D-D251A51F5BEC}.Release|Any CPU.ActiveCfg = Release|Any CPU
		{030B24DC-69BE-46DE-B95D-D251A51F5BEC}.Release|Any CPU.Build.0 = Release|Any CPU
		{0D6DCA74-42CB-4E39-B723-4A6A0067F94C}.Debug|Any CPU.ActiveCfg = Debug|Any CPU
		{0D6DCA74-42CB-4E39-B723-4A6A0067F94C}.Debug|Any CPU.Build.0 = Debug|Any CPU
		{0D6DCA74-42CB-4E39-B723-4A6A0067F94C}.Release|Any CPU.ActiveCfg = Release|Any CPU
		{0D6DCA74-42CB-4E39-B723-4A6A0067F94C}.Release|Any CPU.Build.0 = Release|Any CPU
		{9AA44182-75A7-491C-9ACD-8AED7C4C609D}.Debug|Any CPU.ActiveCfg = Debug|Any CPU
		{9AA44182-75A7-491C-9ACD-8AED7C4C609D}.Debug|Any CPU.Build.0 = Debug|Any CPU
		{9AA44182-75A7-491C-9ACD-8AED7C4C609D}.Release|Any CPU.ActiveCfg = Release|Any CPU
		{9AA44182-75A7-491C-9ACD-8AED7C4C609D}.Release|Any CPU.Build.0 = Release|Any CPU
		{699F33A8-4DA1-4973-A833-DBE969E36810}.Debug|Any CPU.ActiveCfg = Debug|Any CPU
		{699F33A8-4DA1-4973-A833-DBE969E36810}.Debug|Any CPU.Build.0 = Debug|Any CPU
		{699F33A8-4DA1-4973-A833-DBE969E36810}.Release|Any CPU.ActiveCfg = Release|Any CPU
		{699F33A8-4DA1-4973-A833-DBE969E36810}.Release|Any CPU.Build.0 = Release|Any CPU
		{4B934AFA-D649-48D7-BC20-A082EE4CF04E}.Debug|Any CPU.ActiveCfg = Debug|Any CPU
		{4B934AFA-D649-48D7-BC20-A082EE4CF04E}.Debug|Any CPU.Build.0 = Debug|Any CPU
		{4B934AFA-D649-48D7-BC20-A082EE4CF04E}.Release|Any CPU.ActiveCfg = Release|Any CPU
		{4B934AFA-D649-48D7-BC20-A082EE4CF04E}.Release|Any CPU.Build.0 = Release|Any CPU
	EndGlobalSection
	GlobalSection(SolutionProperties) = preSolution
		HideSolutionNode = FALSE
	EndGlobalSection
	GlobalSection(NestedProjects) = preSolution
		{891AB326-9D13-41CD-8407-CE159EF1D2B6} = {23EB8EE8-96E7-4302-B2EA-0431D3B30692}
		{030B24DC-69BE-46DE-B95D-D251A51F5BEC} = {23EB8EE8-96E7-4302-B2EA-0431D3B30692}
		{0D6DCA74-42CB-4E39-B723-4A6A0067F94C} = {23EB8EE8-96E7-4302-B2EA-0431D3B30692}
		{9AA44182-75A7-491C-9ACD-8AED7C4C609D} = {23EB8EE8-96E7-4302-B2EA-0431D3B30692}
		{699F33A8-4DA1-4973-A833-DBE969E36810} = {23EB8EE8-96E7-4302-B2EA-0431D3B30692}
		{4B934AFA-D649-48D7-BC20-A082EE4CF04E} = {23EB8EE8-96E7-4302-B2EA-0431D3B30692}
	EndGlobalSection
	GlobalSection(ExtensibilityGlobals) = postSolution
		SolutionGuid = {C9C91ED9-95BD-48B9-B0A7-FCB832C4697E}
	EndGlobalSection
EndGlobal
